
Microsoft Visual Studio Solution File, Format Version 12.00
# Visual Studio Version 17
VisualStudioVersion = 17.4.33103.184
MinimumVisualStudioVersion = 10.0.40219.1
Project("{FAE04EC0-301F-11D3-BF4B-00C04F79EFBC}") = "DisprzTraining", "DisprzTraining\DisprzTraining.csproj", "{C456EF51-E183-4AE0-900B-B209C7EAC7AD}"
EndProject
Project("{FAE04EC0-301F-11D3-BF4B-00C04F79EFBC}") = "DisprzTraining.Tests", "DisprzTraining.Tests\DisprzTraining.Tests.csproj", "{B029440F-2190-45EC-BA6B-61E174FFABF5}"
EndProject
Global
	GlobalSection(SolutionConfigurationPlatforms) = preSolution
		Debug|Any CPU = Debug|Any CPU
		Release|Any CPU = Release|Any CPU
	EndGlobalSection
	GlobalSection(ProjectConfigurationPlatforms) = postSolution
		{C456EF51-E183-4AE0-900B-B209C7EAC7AD}.Debug|Any CPU.ActiveCfg = Debug|Any CPU
		{C456EF51-E183-4AE0-900B-B209C7EAC7AD}.Debug|Any CPU.Build.0 = Debug|Any CPU
		{C456EF51-E183-4AE0-900B-B209C7EAC7AD}.Release|Any CPU.ActiveCfg = Release|Any CPU
		{C456EF51-E183-4AE0-900B-B209C7EAC7AD}.Release|Any CPU.Build.0 = Release|Any CPU
		{B029440F-2190-45EC-BA6B-61E174FFABF5}.Debug|Any CPU.ActiveCfg = Debug|Any CPU
		{B029440F-2190-45EC-BA6B-61E174FFABF5}.Debug|Any CPU.Build.0 = Debug|Any CPU
		{B029440F-2190-45EC-BA6B-61E174FFABF5}.Release|Any CPU.ActiveCfg = Release|Any CPU
		{B029440F-2190-45EC-BA6B-61E174FFABF5}.Release|Any CPU.Build.0 = Release|Any CPU
	EndGlobalSection
	GlobalSection(SolutionProperties) = preSolution
		HideSolutionNode = FALSE
	EndGlobalSection
	GlobalSection(ExtensibilityGlobals) = postSolution
		SolutionGuid = {D9AB10DC-6A84-4C70-85F5-969BD23B1032}
	EndGlobalSection
EndGlobal
