
Microsoft Visual Studio Solution File, Format Version 12.00
# Visual Studio Version 17
VisualStudioVersion = 17.0.31903.59
MinimumVisualStudioVersion = 10.0.40219.1
Project("{FAE04EC0-301F-11D3-BF4B-00C04F79EFBC}") = "DisprzTraining", "DisprzTraining.csproj", "{5EA596CD-F083-41A6-94F0-C62E9536A1BC}"
EndProject
Project("{FAE04EC0-301F-11D3-BF4B-00C04F79EFBC}") = "DisprzTraining.Tests", "..\DisprzTraining.Tests\DisprzTraining.Tests.csproj", "{D526E5EC-AD16-437C-8348-5F06FEB84C6B}"
EndProject
Global
	GlobalSection(SolutionConfigurationPlatforms) = preSolution
		Debug|Any CPU = Debug|Any CPU
		Release|Any CPU = Release|Any CPU
	EndGlobalSection
	GlobalSection(SolutionProperties) = preSolution
		HideSolutionNode = FALSE
	EndGlobalSection
	GlobalSection(ProjectConfigurationPlatforms) = postSolution
		{5EA596CD-F083-41A6-94F0-C62E9536A1BC}.Debug|Any CPU.ActiveCfg = Debug|Any CPU
		{5EA596CD-F083-41A6-94F0-C62E9536A1BC}.Debug|Any CPU.Build.0 = Debug|Any CPU
		{5EA596CD-F083-41A6-94F0-C62E9536A1BC}.Release|Any CPU.ActiveCfg = Release|Any CPU
		{5EA596CD-F083-41A6-94F0-C62E9536A1BC}.Release|Any CPU.Build.0 = Release|Any CPU
		{D526E5EC-AD16-437C-8348-5F06FEB84C6B}.Debug|Any CPU.ActiveCfg = Debug|Any CPU
		{D526E5EC-AD16-437C-8348-5F06FEB84C6B}.Debug|Any CPU.Build.0 = Debug|Any CPU
		{D526E5EC-AD16-437C-8348-5F06FEB84C6B}.Release|Any CPU.ActiveCfg = Release|Any CPU
		{D526E5EC-AD16-437C-8348-5F06FEB84C6B}.Release|Any CPU.Build.0 = Release|Any CPU
	EndGlobalSection
EndGlobal
